
Microsoft Visual Studio Solution File, Format Version 12.00
# Visual Studio Version 17
VisualStudioVersion = 17.6.33829.357
MinimumVisualStudioVersion = 10.0.40219.1
Project("{FAE04EC0-301F-11D3-BF4B-00C04F79EFBC}") = "BananaPatcher", "BananaPatcher\BananaPatcher.csproj", "{ECEFA35E-43BD-4F4D-B4C6-38CF1DCFFDED}"
EndProject
Global
	GlobalSection(SolutionConfigurationPlatforms) = preSolution
		Debug|Any CPU = Debug|Any CPU
		Release|Any CPU = Release|Any CPU
	EndGlobalSection
	GlobalSection(ProjectConfigurationPlatforms) = postSolution
		{ECEFA35E-43BD-4F4D-B4C6-38CF1DCFFDED}.Debug|Any CPU.ActiveCfg = Debug|Any CPU
		{ECEFA35E-43BD-4F4D-B4C6-38CF1DCFFDED}.Debug|Any CPU.Build.0 = Debug|Any CPU
		{ECEFA35E-43BD-4F4D-B4C6-38CF1DCFFDED}.Release|Any CPU.ActiveCfg = Release|Any CPU
		{ECEFA35E-43BD-4F4D-B4C6-38CF1DCFFDED}.Release|Any CPU.Build.0 = Release|Any CPU
	EndGlobalSection
	GlobalSection(SolutionProperties) = preSolution
		HideSolutionNode = FALSE
	EndGlobalSection
	GlobalSection(ExtensibilityGlobals) = postSolution
		SolutionGuid = {F2A74BCD-0224-4EF2-8516-264227E06BCE}
	EndGlobalSection
EndGlobal
